
Microsoft Visual Studio Solution File, Format Version 12.00
# Visual Studio Version 16
VisualStudioVersion = 16.0.31911.196
MinimumVisualStudioVersion = 10.0.40219.1
Project("{FAE04EC0-301F-11D3-BF4B-00C04F79EFBC}") = "Cau1", "Cau1\Cau1.csproj", "{8BD07A78-6EC6-452E-A905-E38B0E11EF62}"
EndProject
Global
	GlobalSection(SolutionConfigurationPlatforms) = preSolution
		Debug|Any CPU = Debug|Any CPU
		Release|Any CPU = Release|Any CPU
	EndGlobalSection
	GlobalSection(ProjectConfigurationPlatforms) = postSolution
		{8BD07A78-6EC6-452E-A905-E38B0E11EF62}.Debug|Any CPU.ActiveCfg = Debug|Any CPU
		{8BD07A78-6EC6-452E-A905-E38B0E11EF62}.Debug|Any CPU.Build.0 = Debug|Any CPU
		{8BD07A78-6EC6-452E-A905-E38B0E11EF62}.Release|Any CPU.ActiveCfg = Release|Any CPU
		{8BD07A78-6EC6-452E-A905-E38B0E11EF62}.Release|Any CPU.Build.0 = Release|Any CPU
	EndGlobalSection
	GlobalSection(SolutionProperties) = preSolution
		HideSolutionNode = FALSE
	EndGlobalSection
	GlobalSection(ExtensibilityGlobals) = postSolution
		SolutionGuid = {50FB8E8A-0157-4E7A-8D34-1DDAB10A6F61}
	EndGlobalSection
EndGlobal
